PODS:
  - Alamofire (4.8.1)
  - DPAPI (0.9.7):
    - Alamofire
    - RxSwift
  - FBSnapshotTestCase (2.1.4):
    - FBSnapshotTestCase/SwiftSupport (= 2.1.4)
  - FBSnapshotTestCase/Core (2.1.4)
  - FBSnapshotTestCase/SwiftSupport (2.1.4):
    - FBSnapshotTestCase/Core
  - RxAtomic (4.4.1)
  - RxSwift (4.4.1):
    - RxAtomic (~> 4.4)

DEPENDENCIES:
  - Alamofire
  - DPAPI (from `../`)
  - FBSnapshotTestCase (~> 2.1.4)
  - RxSwift

SPEC REPOS:
  https://github.com/cocoapods/specs.git:
    - Alamofire
    - FBSnapshotTestCase
    - RxAtomic
    - RxSwift

EXTERNAL SOURCES:
  DPAPI:
    :path: "../"

SPEC CHECKSUMS:
  Alamofire: 16ce2c353fb72865124ddae8a57c5942388f4f11
  DPAPI: cd1a4c8bffc3f1463fa26700bb72cdb78fc728a2
  FBSnapshotTestCase: 094f9f314decbabe373b87cc339bea235a63e07a
  RxAtomic: f8d6adc1ccb87a767811269e4875887bc74dbf19
  RxSwift: 92fcf68dfef21f3e2ab1965363d9e7b3d787597e

PODFILE CHECKSUM: e71482c9d61f43186b6cd6624ebe6cf68e2643e4

COCOAPODS: 1.7.2
